// !$*UTF8*$!
{
	archiveVersion = 1;
	classes = {
	};
	objectVersion = 50;
	objects = {

/* Begin PBXBuildFile section */
		0B3096BC23E1552300A17C23 /* NetworkService.swift in Sources */ = {isa = PBXBuildFile; fileRef = 0B3096BB23E1552300A17C23 /* NetworkService.swift */; };
		0B3096BE23E157D100A17C23 /* API.swift in Sources */ = {isa = PBXBuildFile; fileRef = 0B3096BD23E157D100A17C23 /* API.swift */; };
		0B7002E023ED967000D96D67 /* FeedResponse.swift in Sources */ = {isa = PBXBuildFile; fileRef = 0B7002DF23ED967000D96D67 /* FeedResponse.swift */; };
		0B7002E223ED9A8C00D96D67 /* NetworkDataFetcher.swift in Sources */ = {isa = PBXBuildFile; fileRef = 0B7002E123ED9A8C00D96D67 /* NetworkDataFetcher.swift */; };
		0B71FCCF23DABECE00909400 /* VKSdkFramework.framework in Frameworks */ = {isa = PBXBuildFile; fileRef = 0B71FCCE23DABECE00909400 /* VKSdkFramework.framework */; };
		0BAAEE2D23DEAD92003CCA80 /* AuthService.swift in Sources */ = {isa = PBXBuildFile; fileRef = 0BAAEE2C23DEAD92003CCA80 /* AuthService.swift */; };
		0BAAEE3023DECC52003CCA80 /* AuthViewController.swift in Sources */ = {isa = PBXBuildFile; fileRef = 0BAAEE2F23DECC52003CCA80 /* AuthViewController.swift */; };
		0BAAEE3223DECC83003CCA80 /* AuthViewController.storyboard in Resources */ = {isa = PBXBuildFile; fileRef = 0BAAEE3123DECC83003CCA80 /* AuthViewController.storyboard */; };
		0BAAEE3523DEE2F5003CCA80 /* FeedViewController.swift in Sources */ = {isa = PBXBuildFile; fileRef = 0BAAEE3423DEE2F5003CCA80 /* FeedViewController.swift */; };
		0BAAEE3723DEE309003CCA80 /* FeedViewController.storyboard in Resources */ = {isa = PBXBuildFile; fileRef = 0BAAEE3623DEE309003CCA80 /* FeedViewController.storyboard */; };
		0BAAEE3923DEE695003CCA80 /* UIViewController + Storyboard.swift in Sources */ = {isa = PBXBuildFile; fileRef = 0BAAEE3823DEE695003CCA80 /* UIViewController + Storyboard.swift */; };
		0BECE2CF23D9D7F900074E51 /* AppDelegate.swift in Sources */ = {isa = PBXBuildFile; fileRef = 0BECE2CE23D9D7F900074E51 /* AppDelegate.swift */; };
		0BECE2D623D9D7FC00074E51 /* Assets.xcassets in Resources */ = {isa = PBXBuildFile; fileRef = 0BECE2D523D9D7FC00074E51 /* Assets.xcassets */; };
		0BECE2D923D9D7FC00074E51 /* LaunchScreen.storyboard in Resources */ = {isa = PBXBuildFile; fileRef = 0BECE2D723D9D7FC00074E51 /* LaunchScreen.storyboard */; };
/* End PBXBuildFile section */

/* Begin PBXFileReference section */
		0B3096BB23E1552300A17C23 /* NetworkService.swift */ = {isa = PBXFileReference; lastKnownFileType = sourcecode.swift; path = NetworkService.swift; sourceTree = "<group>"; };
		0B3096BD23E157D100A17C23 /* API.swift */ = {isa = PBXFileReference; lastKnownFileType = sourcecode.swift; path = API.swift; sourceTree = "<group>"; };
		0B7002DF23ED967000D96D67 /* FeedResponse.swift */ = {isa = PBXFileReference; lastKnownFileType = sourcecode.swift; path = FeedResponse.swift; sourceTree = "<group>"; };
		0B7002E123ED9A8C00D96D67 /* NetworkDataFetcher.swift */ = {isa = PBXFileReference; lastKnownFileType = sourcecode.swift; path = NetworkDataFetcher.swift; sourceTree = "<group>"; };
		0B71FCCE23DABECE00909400 /* VKSdkFramework.framework */ = {isa = PBXFileReference; lastKnownFileType = wrapper.framework; name = VKSdkFramework.framework; path = Carthage/Build/iOS/VKSdkFramework.framework; sourceTree = "<group>"; };
		0BAAEE2C23DEAD92003CCA80 /* AuthService.swift */ = {isa = PBXFileReference; lastKnownFileType = sourcecode.swift; path = AuthService.swift; sourceTree = "<group>"; };
		0BAAEE2F23DECC52003CCA80 /* AuthViewController.swift */ = {isa = PBXFileReference; lastKnownFileType = sourcecode.swift; path = AuthViewController.swift; sourceTree = "<group>"; };
		0BAAEE3123DECC83003CCA80 /* AuthViewController.storyboard */ = {isa = PBXFileReference; lastKnownFileType = file.storyboard; path = AuthViewController.storyboard; sourceTree = "<group>"; };
		0BAAEE3423DEE2F5003CCA80 /* FeedViewController.swift */ = {isa = PBXFileReference; lastKnownFileType = sourcecode.swift; path = FeedViewController.swift; sourceTree = "<group>"; };
		0BAAEE3623DEE309003CCA80 /* FeedViewController.storyboard */ = {isa = PBXFileReference; lastKnownFileType = file.storyboard; path = FeedViewController.storyboard; sourceTree = "<group>"; };
		0BAAEE3823DEE695003CCA80 /* UIViewController + Storyboard.swift */ = {isa = PBXFileReference; lastKnownFileType = sourcecode.swift; path = "UIViewController + Storyboard.swift"; sourceTree = "<group>"; };
		0BECE2CB23D9D7F900074E51 /* VKNews.app */ = {isa = PBXFileReference; explicitFileType = wrapper.application; includeInIndex = 0; path = VKNews.app; sourceTree = BUILT_PRODUCTS_DIR; };
		0BECE2CE23D9D7F900074E51 /* AppDelegate.swift */ = {isa = PBXFileReference; lastKnownFileType = sourcecode.swift; path = AppDelegate.swift; sourceTree = "<group>"; };
		0BECE2D523D9D7FC00074E51 /* Assets.xcassets */ = {isa = PBXFileReference; lastKnownFileType = folder.assetcatalog; path = Assets.xcassets; sourceTree = "<group>"; };
		0BECE2D823D9D7FC00074E51 /* Base */ = {isa = PBXFileReference; lastKnownFileType = file.storyboard; name = Base; path = Base.lproj/LaunchScreen.storyboard; sourceTree = "<group>"; };
		0BECE2DA23D9D7FC00074E51 /* Info.plist */ = {isa = PBXFileReference; lastKnownFileType = text.plist.xml; path = Info.plist; sourceTree = "<group>"; };
/* End PBXFileReference section */

/* Begin PBXFrameworksBuildPhase section */
		0BECE2C823D9D7F900074E51 /* Frameworks */ = {
			isa = PBXFrameworksBuildPhase;
			buildActionMask = 2147483647;
			files = (
				0B71FCCF23DABECE00909400 /* VKSdkFramework.framework in Frameworks */,
			);
			runOnlyForDeploymentPostprocessing = 0;
		};
/* End PBXFrameworksBuildPhase section */

/* Begin PBXGroup section */
		0B3096BA23E1549400A17C23 /* FeedViewController */ = {
			isa = PBXGroup;
			children = (
				0BAAEE3423DEE2F5003CCA80 /* FeedViewController.swift */,
				0BAAEE3623DEE309003CCA80 /* FeedViewController.storyboard */,
			);
			path = FeedViewController;
			sourceTree = "<group>";
		};
		0B7002DE23ED962100D96D67 /* Models */ = {
			isa = PBXGroup;
			children = (
				0B7002DF23ED967000D96D67 /* FeedResponse.swift */,
			);
			path = Models;
			sourceTree = "<group>";
		};
		0B71FCCD23DABECE00909400 /* Frameworks */ = {
			isa = PBXGroup;
			children = (
				0B71FCCE23DABECE00909400 /* VKSdkFramework.framework */,
			);
			name = Frameworks;
			sourceTree = "<group>";
		};
		0BAAEE2E23DEADD9003CCA80 /* Services */ = {
			isa = PBXGroup;
			children = (
				0B7002DE23ED962100D96D67 /* Models */,
				0BAAEE2C23DEAD92003CCA80 /* AuthService.swift */,
				0B3096BB23E1552300A17C23 /* NetworkService.swift */,
				0B3096BD23E157D100A17C23 /* API.swift */,
				0B7002E123ED9A8C00D96D67 /* NetworkDataFetcher.swift */,
			);
			path = Services;
			sourceTree = "<group>";
		};
		0BAAEE3323DECCA5003CCA80 /* Auth */ = {
			isa = PBXGroup;
			children = (
				0BAAEE2F23DECC52003CCA80 /* AuthViewController.swift */,
				0BAAEE3123DECC83003CCA80 /* AuthViewController.storyboard */,
			);
			path = Auth;
			sourceTree = "<group>";
		};
		0BAAEE3A23DEE6A6003CCA80 /* Helpers */ = {
			isa = PBXGroup;
			children = (
				0BAAEE3823DEE695003CCA80 /* UIViewController + Storyboard.swift */,
			);
			path = Helpers;
			sourceTree = "<group>";
		};
		0BECE2C223D9D7F800074E51 = {
			isa = PBXGroup;
			children = (
				0BECE2CD23D9D7F900074E51 /* VKNews */,
				0BECE2CC23D9D7F900074E51 /* Products */,
				0B71FCCD23DABECE00909400 /* Frameworks */,
			);
			sourceTree = "<group>";
		};
		0BECE2CC23D9D7F900074E51 /* Products */ = {
			isa = PBXGroup;
			children = (
				0BECE2CB23D9D7F900074E51 /* VKNews.app */,
			);
			name = Products;
			sourceTree = "<group>";
		};
		0BECE2CD23D9D7F900074E51 /* VKNews */ = {
			isa = PBXGroup;
			children = (
				0BECE2CE23D9D7F900074E51 /* AppDelegate.swift */,
				0BAAEE2E23DEADD9003CCA80 /* Services */,
				0BAAEE3323DECCA5003CCA80 /* Auth */,
				0B3096BA23E1549400A17C23 /* FeedViewController */,
				0BAAEE3A23DEE6A6003CCA80 /* Helpers */,
				0BECE2D523D9D7FC00074E51 /* Assets.xcassets */,
				0BECE2D723D9D7FC00074E51 /* LaunchScreen.storyboard */,
				0BECE2DA23D9D7FC00074E51 /* Info.plist */,
			);
			path = VKNews;
			sourceTree = "<group>";
		};
/* End PBXGroup section */

/* Begin PBXNativeTarget section */
		0BECE2CA23D9D7F900074E51 /* VKNews */ = {
			isa = PBXNativeTarget;
			buildConfigurationList = 0BECE2DD23D9D7FC00074E51 /* Build configuration list for PBXNativeTarget "VKNews" */;
			buildPhases = (
				0BECE2C723D9D7F900074E51 /* Sources */,
				0BECE2C823D9D7F900074E51 /* Frameworks */,
				0BECE2C923D9D7F900074E51 /* Resources */,
				0B71FCD023DABF2200909400 /* ShellScript */,
			);
			buildRules = (
			);
			dependencies = (
			);
			name = VKNews;
			productName = VKNews;
			productReference = 0BECE2CB23D9D7F900074E51 /* VKNews.app */;
			productType = "com.apple.product-type.application";
		};
/* End PBXNativeTarget section */

/* Begin PBXProject section */
		0BECE2C323D9D7F800074E51 /* Project object */ = {
			isa = PBXProject;
			attributes = {
				LastSwiftUpdateCheck = 1030;
				LastUpgradeCheck = 1030;
				ORGANIZATIONNAME = "Viachaslau Tsitou";
				TargetAttributes = {
					0BECE2CA23D9D7F900074E51 = {
						CreatedOnToolsVersion = 10.3;
					};
				};
			};
			buildConfigurationList = 0BECE2C623D9D7F800074E51 /* Build configuration list for PBXProject "VKNews" */;
			compatibilityVersion = "Xcode 9.3";
			developmentRegion = en;
			hasScannedForEncodings = 0;
			knownRegions = (
				en,
				Base,
			);
			mainGroup = 0BECE2C223D9D7F800074E51;
			productRefGroup = 0BECE2CC23D9D7F900074E51 /* Products */;
			projectDirPath = "";
			projectRoot = "";
			targets = (
				0BECE2CA23D9D7F900074E51 /* VKNews */,
			);
		};
/* End PBXProject section */

/* Begin PBXResourcesBuildPhase section */
		0BECE2C923D9D7F900074E51 /* Resources */ = {
			isa = PBXResourcesBuildPhase;
			buildActionMask = 2147483647;
			files = (
				0BAAEE3223DECC83003CCA80 /* AuthViewController.storyboard in Resources */,
				0BECE2D923D9D7FC00074E51 /* LaunchScreen.storyboard in Resources */,
				0BAAEE3723DEE309003CCA80 /* FeedViewController.storyboard in Resources */,
				0BECE2D623D9D7FC00074E51 /* Assets.xcassets in Resources */,
			);
			runOnlyForDeploymentPostprocessing = 0;
		};
/* End PBXResourcesBuildPhase section */

/* Begin PBXShellScriptBuildPhase section */
		0B71FCD023DABF2200909400 /* ShellScript */ = {
			isa = PBXShellScriptBuildPhase;
			buildActionMask = 2147483647;
			files = (
			);
			inputFileListPaths = (
			);
			inputPaths = (
				"$(SRCROOT)/Carthage/Build/iOS/VKSdkFramework.framework",
			);
			outputFileListPaths = (
			);
			outputPaths = (
			);
			runOnlyForDeploymentPostprocessing = 0;
			shellPath = /bin/sh;
			shellScript = "/usr/local/bin/carthage copy-frameworks\n";
		};
/* End PBXShellScriptBuildPhase section */

/* Begin PBXSourcesBuildPhase section */
		0BECE2C723D9D7F900074E51 /* Sources */ = {
			isa = PBXSourcesBuildPhase;
			buildActionMask = 2147483647;
			files = (
				0B7002E023ED967000D96D67 /* FeedResponse.swift in Sources */,
				0BAAEE2D23DEAD92003CCA80 /* AuthService.swift in Sources */,
				0BAAEE3923DEE695003CCA80 /* UIViewController + Storyboard.swift in Sources */,
				0BAAEE3023DECC52003CCA80 /* AuthViewController.swift in Sources */,
				0BAAEE3523DEE2F5003CCA80 /* FeedViewController.swift in Sources */,
				0B3096BC23E1552300A17C23 /* NetworkService.swift in Sources */,
				0B7002E223ED9A8C00D96D67 /* NetworkDataFetcher.swift in Sources */,
				0BECE2CF23D9D7F900074E51 /* AppDelegate.swift in Sources */,
				0B3096BE23E157D100A17C23 /* API.swift in Sources */,
			);
			runOnlyForDeploymentPostprocessing = 0;
		};
/* End PBXSourcesBuildPhase section */

/* Begin PBXVariantGroup section */
		0BECE2D723D9D7FC00074E51 /* LaunchScreen.storyboard */ = {
			isa = PBXVariantGroup;
			children = (
				0BECE2D823D9D7FC00074E51 /* Base */,
			);
			name = LaunchScreen.storyboard;
			sourceTree = "<group>";
		};
/* End PBXVariantGroup section */

/* Begin XCBuildConfiguration section */
		0BECE2DB23D9D7FC00074E51 /* Debug */ = {
			isa = XCBuildConfiguration;
			buildSettings = {
				ALWAYS_SEARCH_USER_PATHS = NO;
				CLANG_ANALYZER_NONNULL = YES;
				CLANG_ANALYZER_NUMBER_OBJECT_CONVERSION = YES_AGGRESSIVE;
				CLANG_CXX_LANGUAGE_STANDARD = "gnu++14";
				CLANG_CXX_LIBRARY = "libc++";
				CLANG_ENABLE_MODULES = YES;
				CLANG_ENABLE_OBJC_ARC = YES;
				CLANG_ENABLE_OBJC_WEAK = YES;
				CLANG_WARN_BLOCK_CAPTURE_AUTORELEASING = YES;
				CLANG_WARN_BOOL_CONVERSION = YES;
				CLANG_WARN_COMMA = YES;
				CLANG_WARN_CONSTANT_CONVERSION = YES;
				CLANG_WARN_DEPRECATED_OBJC_IMPLEMENTATIONS = YES;
				CLANG_WARN_DIRECT_OBJC_ISA_USAGE = YES_ERROR;
				CLANG_WARN_DOCUMENTATION_COMMENTS = YES;
				CLANG_WARN_EMPTY_BODY = YES;
				CLANG_WARN_ENUM_CONVERSION = YES;
				CLANG_WARN_INFINITE_RECURSION = YES;
				CLANG_WARN_INT_CONVERSION = YES;
				CLANG_WARN_NON_LITERAL_NULL_CONVERSION = YES;
				CLANG_WARN_OBJC_IMPLICIT_RETAIN_SELF = YES;
				CLANG_WARN_OBJC_LITERAL_CONVERSION = YES;
				CLANG_WARN_OBJC_ROOT_CLASS = YES_ERROR;
				CLANG_WARN_RANGE_LOOP_ANALYSIS = YES;
				CLANG_WARN_STRICT_PROTOTYPES = YES;
				CLANG_WARN_SUSPICIOUS_MOVE = YES;
				CLANG_WARN_UNGUARDED_AVAILABILITY = YES_AGGRESSIVE;
				CLANG_WARN_UNREACHABLE_CODE = YES;
				CLANG_WARN__DUPLICATE_METHOD_MATCH = YES;
				CODE_SIGN_IDENTITY = "iPhone Developer";
				COPY_PHASE_STRIP = NO;
				DEBUG_INFORMATION_FORMAT = dwarf;
				ENABLE_STRICT_OBJC_MSGSEND = YES;
				ENABLE_TESTABILITY = YES;
				GCC_C_LANGUAGE_STANDARD = gnu11;
				GCC_DYNAMIC_NO_PIC = NO;
				GCC_NO_COMMON_BLOCKS = YES;
				GCC_OPTIMIZATION_LEVEL = 0;
				GCC_PREPROCESSOR_DEFINITIONS = (
					"DEBUG=1",
					"$(inherited)",
				);
				GCC_WARN_64_TO_32_BIT_CONVERSION = YES;
				GCC_WARN_ABOUT_RETURN_TYPE = YES_ERROR;
				GCC_WARN_UNDECLARED_SELECTOR = YES;
				GCC_WARN_UNINITIALIZED_AUTOS = YES_AGGRESSIVE;
				GCC_WARN_UNUSED_FUNCTION = YES;
				GCC_WARN_UNUSED_VARIABLE = YES;
				IPHONEOS_DEPLOYMENT_TARGET = 12.4;
				MTL_ENABLE_DEBUG_INFO = INCLUDE_SOURCE;
				MTL_FAST_MATH = YES;
				ONLY_ACTIVE_ARCH = YES;
				SDKROOT = iphoneos;
				SWIFT_ACTIVE_COMPILATION_CONDITIONS = DEBUG;
				SWIFT_OPTIMIZATION_LEVEL = "-Onone";
			};
			name = Debug;
		};
		0BECE2DC23D9D7FC00074E51 /* Release */ = {
			isa = XCBuildConfiguration;
			buildSettings = {
				ALWAYS_SEARCH_USER_PATHS = NO;
				CLANG_ANALYZER_NONNULL = YES;
				CLANG_ANALYZER_NUMBER_OBJECT_CONVERSION = YES_AGGRESSIVE;
				CLANG_CXX_LANGUAGE_STANDARD = "gnu++14";
				CLANG_CXX_LIBRARY = "libc++";
				CLANG_ENABLE_MODULES = YES;
				CLANG_ENABLE_OBJC_ARC = YES;
				CLANG_ENABLE_OBJC_WEAK = YES;
				CLANG_WARN_BLOCK_CAPTURE_AUTORELEASING = YES;
				CLANG_WARN_BOOL_CONVERSION = YES;
				CLANG_WARN_COMMA = YES;
				CLANG_WARN_CONSTANT_CONVERSION = YES;
				CLANG_WARN_DEPRECATED_OBJC_IMPLEMENTATIONS = YES;
				CLANG_WARN_DIRECT_OBJC_ISA_USAGE = YES_ERROR;
				CLANG_WARN_DOCUMENTATION_COMMENTS = YES;
				CLANG_WARN_EMPTY_BODY = YES;
				CLANG_WARN_ENUM_CONVERSION = YES;
				CLANG_WARN_INFINITE_RECURSION = YES;
				CLANG_WARN_INT_CONVERSION = YES;
				CLANG_WARN_NON_LITERAL_NULL_CONVERSION = YES;
				CLANG_WARN_OBJC_IMPLICIT_RETAIN_SELF = YES;
				CLANG_WARN_OBJC_LITERAL_CONVERSION = YES;
				CLANG_WARN_OBJC_ROOT_CLASS = YES_ERROR;
				CLANG_WARN_RANGE_LOOP_ANALYSIS = YES;
				CLANG_WARN_STRICT_PROTOTYPES = YES;
				CLANG_WARN_SUSPICIOUS_MOVE = YES;
				CLANG_WARN_UNGUARDED_AVAILABILITY = YES_AGGRESSIVE;
				CLANG_WARN_UNREACHABLE_CODE = YES;
				CLANG_WARN__DUPLICATE_METHOD_MATCH = YES;
				CODE_SIGN_IDENTITY = "iPhone Developer";
				COPY_PHASE_STRIP = NO;
				DEBUG_INFORMATION_FORMAT = "dwarf-with-dsym";
				ENABLE_NS_ASSERTIONS = NO;
				ENABLE_STRICT_OBJC_MSGSEND = YES;
				GCC_C_LANGUAGE_STANDARD = gnu11;
				GCC_NO_COMMON_BLOCKS = YES;
				GCC_WARN_64_TO_32_BIT_CONVERSION = YES;
				GCC_WARN_ABOUT_RETURN_TYPE = YES_ERROR;
				GCC_WARN_UNDECLARED_SELECTOR = YES;
				GCC_WARN_UNINITIALIZED_AUTOS = YES_AGGRESSIVE;
				GCC_WARN_UNUSED_FUNCTION = YES;
				GCC_WARN_UNUSED_VARIABLE = YES;
				IPHONEOS_DEPLOYMENT_TARGET = 12.4;
				MTL_ENABLE_DEBUG_INFO = NO;
				MTL_FAST_MATH = YES;
				SDKROOT = iphoneos;
				SWIFT_COMPILATION_MODE = wholemodule;
				SWIFT_OPTIMIZATION_LEVEL = "-O";
				VALIDATE_PRODUCT = YES;
			};
			name = Release;
		};
		0BECE2DE23D9D7FC00074E51 /* Debug */ = {
			isa = XCBuildConfiguration;
			buildSettings = {
				ASSETCATALOG_COMPILER_APPICON_NAME = AppIcon;
				CODE_SIGN_STYLE = Automatic;
				DEVELOPMENT_TEAM = YC78R6363M;
				FRAMEWORK_SEARCH_PATHS = (
					"$(inherited)",
					"$(PROJECT_DIR)/Carthage/Build/iOS",
				);
				INFOPLIST_FILE = VKNews/Info.plist;
				IPHONEOS_DEPLOYMENT_TARGET = 10.0;
				LD_RUNPATH_SEARCH_PATHS = (
					"$(inherited)",
					"@executable_path/Frameworks",
				);
				PRODUCT_BUNDLE_IDENTIFIER = com.vgtitov.VKNews;
				PRODUCT_NAME = "$(TARGET_NAME)";
				SWIFT_VERSION = 5.0;
				TARGETED_DEVICE_FAMILY = "1,2";
			};
			name = Debug;
		};
		0BECE2DF23D9D7FC00074E51 /* Release */ = {
			isa = XCBuildConfiguration;
			buildSettings = {
				ASSETCATALOG_COMPILER_APPICON_NAME = AppIcon;
				CODE_SIGN_STYLE = Automatic;
				DEVELOPMENT_TEAM = YC78R6363M;
				FRAMEWORK_SEARCH_PATHS = (
					"$(inherited)",
					"$(PROJECT_DIR)/Carthage/Build/iOS",
				);
				INFOPLIST_FILE = VKNews/Info.plist;
				IPHONEOS_DEPLOYMENT_TARGET = 10.0;
				LD_RUNPATH_SEARCH_PATHS = (
					"$(inherited)",
					"@executable_path/Frameworks",
				);
				PRODUCT_BUNDLE_IDENTIFIER = com.vgtitov.VKNews;
				PRODUCT_NAME = "$(TARGET_NAME)";
				SWIFT_VERSION = 5.0;
				TARGETED_DEVICE_FAMILY = "1,2";
			};
			name = Release;
		};
/* End XCBuildConfiguration section */

/* Begin XCConfigurationList section */
		0BECE2C623D9D7F800074E51 /* Build configuration list for PBXProject "VKNews" */ = {
			isa = XCConfigurationList;
			buildConfigurations = (
				0BECE2DB23D9D7FC00074E51 /* Debug */,
				0BECE2DC23D9D7FC00074E51 /* Release */,
			);
			defaultConfigurationIsVisible = 0;
			defaultConfigurationName = Release;
		};
		0BECE2DD23D9D7FC00074E51 /* Build configuration list for PBXNativeTarget "VKNews" */ = {
			isa = XCConfigurationList;
			buildConfigurations = (
				0BECE2DE23D9D7FC00074E51 /* Debug */,
				0BECE2DF23D9D7FC00074E51 /* Release */,
			);
			defaultConfigurationIsVisible = 0;
			defaultConfigurationName = Release;
		};
/* End XCConfigurationList section */
	};
	rootObject = 0BECE2C323D9D7F800074E51 /* Project object */;
}
